github.com/roadrunner-server/endure/v2 v2.6.2 h1:sIB4kTyE7gtT3fDhuYWUYn6Vt/dcPtiA6FoNS1eS+84=
github.com/roadrunner-server/endure/v2 v2.6.2/go.mod h1:t/2+xpNYgGBwhzn83y2MDhvhZ19UVq1REcvqn7j7RB8=
github.com/roadrunner-server/errors v1.4.1 h1:LKNeaCGiwd3t8IaL840ZNF3UA9yDQlpvHnKddnh0YRQ=
github.com/roadrunner-server/errors v1.4.1/go.mod h1:qeffnIKG0e4j1dzGpa+OGY5VKSfMphizvqWIw8s2lAo=
gopkg.in/natefinch/lumberjack.v2 v2.2.1 h1:bBRl1b0OH9s/DuPhuXpNl+VtCaJXFZ5/uEFST95x9zc=
gopkg.in/natefinch/lumberjack.v2 v2.2.1/go.mod h1:YD8tP3GAjkrDg1eZH7EGmyESg/lsYskCTPBJVb9jqSc=
