github.com/roadrunner-server/endure/v2 v2.6.2 h1:sIB4kTyE7gtT3fDhuYWUYn6Vt/dcPtiA6FoNS1eS+84=
github.com/roadrunner-server/endure/v2 v2.6.2/go.mod h1:t/2+xpNYgGBwhzn83y2MDhvhZ19UVq1REcvqn7j7RB8=
github.com/roadrunner-server/errors v1.6.0 h1:0GJfuvv/gYnUckPyNHwDMsu+mGJKnI2yGav6tsSJABQ=
github.com/roadrunner-server/errors v1.6.0/go.mod h1:1CrgdvGsD/Av1URt0xu1lbJ2J/CAngU+X0+JoK1O7l8=
