github.com/roadrunner-server/endure/v2 v2.6.2 h1:sIB4kTyE7gtT3fDhuYWUYn6Vt/dcPtiA6FoNS1eS+84=
github.com/roadrunner-server/endure/v2 v2.6.2/go.mod h1:t/2+xpNYgGBwhzn83y2MDhvhZ19UVq1REcvqn7j7RB8=
github.com/roadrunner-server/errors v1.5.0 h1:unG7LKIZrSzkCCF3YLRLA5VyqE0KKomofXVJUXJe00g=
github.com/roadrunner-server/errors v1.5.0/go.mod h1:g9fo/T2C13cWRDR9PW1r0ZAOSQfNhWAZawyfkGiaHuI=
